
Microsoft Visual Studio Solution File, Format Version 12.00
Project("{FAE04EC0-301F-11D3-BF4B-00C04F79EFBC}") = "Contato.Api", "src\Contato.Api\Contato.Api.csproj", "{73B1DAD4-E456-4EF1-AC13-ED00917161E7}"
EndProject
Project("{FAE04EC0-301F-11D3-BF4B-00C04F79EFBC}") = "Contato.Domain", "src\Contato.Domain\Contato.Domain.csproj", "{E05F49AC-AB87-44CF-A7DB-D882A6BFCF8A}"
EndProject
Project("{FAE04EC0-301F-11D3-BF4B-00C04F79EFBC}") = "Contato.Infra", "src\Contato.Infra\Contato.Infra.csproj", "{D7B16F75-39DD-4718-9CF7-D15F35BCC2AD}"
EndProject
Project("{FAE04EC0-301F-11D3-BF4B-00C04F79EFBC}") = "Contato.UnitTests", "tests\Contato.UnitTests\Contato.UnitTests.csproj", "{27DD6C82-22BE-45EE-96D0-C6A16AA1D485}"
EndProject
Project("{2150E333-8FDC-42A3-9474-1A3956D46DE8}") = "docker", "docker", "{71292E15-A350-49D1-AEBF-42DAAF3DEDC9}"
	ProjectSection(SolutionItems) = preProject
		Dockerfile = Dockerfile
		docker-compose.yml = docker-compose.yml
	EndProjectSection
EndProject
Project("{2150E333-8FDC-42A3-9474-1A3956D46DE8}") = "src", "src", "{7C218A86-81F6-47D0-B1D2-DB82D12E84B5}"
EndProject
Project("{2150E333-8FDC-42A3-9474-1A3956D46DE8}") = "tests", "tests", "{DB402053-994A-4E92-B13D-8B60A74C2943}"
EndProject
Project("{FAE04EC0-301F-11D3-BF4B-00C04F79EFBC}") = "Contato.Application", "src\Contato.Application\Contato.Application.csproj", "{CE45EA76-141D-4C01-AA6C-A67D9F8E95AE}"
EndProject
Project("{FAE04EC0-301F-11D3-BF4B-00C04F79EFBC}") = "Contato.IntegrationTests", "tests\Contato.IntegrationTests\Contato.IntegrationTests.csproj", "{6869D4E7-CD5C-440D-B3AF-E854CBFB6F2F}"
EndProject
Global
	GlobalSection(SolutionConfigurationPlatforms) = preSolution
		Debug|Any CPU = Debug|Any CPU
		Release|Any CPU = Release|Any CPU
	EndGlobalSection
	GlobalSection(ProjectConfigurationPlatforms) = postSolution
		{73B1DAD4-E456-4EF1-AC13-ED00917161E7}.Debug|Any CPU.ActiveCfg = Debug|Any CPU
		{73B1DAD4-E456-4EF1-AC13-ED00917161E7}.Debug|Any CPU.Build.0 = Debug|Any CPU
		{73B1DAD4-E456-4EF1-AC13-ED00917161E7}.Release|Any CPU.ActiveCfg = Release|Any CPU
		{73B1DAD4-E456-4EF1-AC13-ED00917161E7}.Release|Any CPU.Build.0 = Release|Any CPU
		{E05F49AC-AB87-44CF-A7DB-D882A6BFCF8A}.Debug|Any CPU.ActiveCfg = Debug|Any CPU
		{E05F49AC-AB87-44CF-A7DB-D882A6BFCF8A}.Debug|Any CPU.Build.0 = Debug|Any CPU
		{E05F49AC-AB87-44CF-A7DB-D882A6BFCF8A}.Release|Any CPU.ActiveCfg = Release|Any CPU
		{E05F49AC-AB87-44CF-A7DB-D882A6BFCF8A}.Release|Any CPU.Build.0 = Release|Any CPU
		{D7B16F75-39DD-4718-9CF7-D15F35BCC2AD}.Debug|Any CPU.ActiveCfg = Debug|Any CPU
		{D7B16F75-39DD-4718-9CF7-D15F35BCC2AD}.Debug|Any CPU.Build.0 = Debug|Any CPU
		{D7B16F75-39DD-4718-9CF7-D15F35BCC2AD}.Release|Any CPU.ActiveCfg = Release|Any CPU
		{D7B16F75-39DD-4718-9CF7-D15F35BCC2AD}.Release|Any CPU.Build.0 = Release|Any CPU
		{27DD6C82-22BE-45EE-96D0-C6A16AA1D485}.Debug|Any CPU.ActiveCfg = Debug|Any CPU
		{27DD6C82-22BE-45EE-96D0-C6A16AA1D485}.Debug|Any CPU.Build.0 = Debug|Any CPU
		{27DD6C82-22BE-45EE-96D0-C6A16AA1D485}.Release|Any CPU.ActiveCfg = Release|Any CPU
		{27DD6C82-22BE-45EE-96D0-C6A16AA1D485}.Release|Any CPU.Build.0 = Release|Any CPU
		{CE45EA76-141D-4C01-AA6C-A67D9F8E95AE}.Debug|Any CPU.ActiveCfg = Debug|Any CPU
		{CE45EA76-141D-4C01-AA6C-A67D9F8E95AE}.Debug|Any CPU.Build.0 = Debug|Any CPU
		{CE45EA76-141D-4C01-AA6C-A67D9F8E95AE}.Release|Any CPU.ActiveCfg = Release|Any CPU
		{CE45EA76-141D-4C01-AA6C-A67D9F8E95AE}.Release|Any CPU.Build.0 = Release|Any CPU
		{6869D4E7-CD5C-440D-B3AF-E854CBFB6F2F}.Debug|Any CPU.ActiveCfg = Debug|Any CPU
		{6869D4E7-CD5C-440D-B3AF-E854CBFB6F2F}.Debug|Any CPU.Build.0 = Debug|Any CPU
		{6869D4E7-CD5C-440D-B3AF-E854CBFB6F2F}.Release|Any CPU.ActiveCfg = Release|Any CPU
		{6869D4E7-CD5C-440D-B3AF-E854CBFB6F2F}.Release|Any CPU.Build.0 = Release|Any CPU
	EndGlobalSection
	GlobalSection(NestedProjects) = preSolution
		{73B1DAD4-E456-4EF1-AC13-ED00917161E7} = {7C218A86-81F6-47D0-B1D2-DB82D12E84B5}
		{E05F49AC-AB87-44CF-A7DB-D882A6BFCF8A} = {7C218A86-81F6-47D0-B1D2-DB82D12E84B5}
		{D7B16F75-39DD-4718-9CF7-D15F35BCC2AD} = {7C218A86-81F6-47D0-B1D2-DB82D12E84B5}
		{27DD6C82-22BE-45EE-96D0-C6A16AA1D485} = {DB402053-994A-4E92-B13D-8B60A74C2943}
		{CE45EA76-141D-4C01-AA6C-A67D9F8E95AE} = {7C218A86-81F6-47D0-B1D2-DB82D12E84B5}
		{6869D4E7-CD5C-440D-B3AF-E854CBFB6F2F} = {DB402053-994A-4E92-B13D-8B60A74C2943}
	EndGlobalSection
EndGlobal
